// !$*UTF8*$!
{
	archiveVersion = 1;
	classes = {
	};
	objectVersion = 77;
	objects = {

/* Begin PBXBuildFile section */
		477C739C2F53993900E60504 /* FirebaseAI in Frameworks */ = {isa = PBXBuildFile; productRef = 477C739B2F53993900E60504 /* FirebaseAI */; };
		477C739E2F53993900E60504 /* FirebaseAILogic in Frameworks */ = {isa = PBXBuildFile; productRef = 477C739D2F53993900E60504 /* FirebaseAILogic */; };
		477C73A02F53993900E60504 /* FirebaseAnalytics in Frameworks */ = {isa = PBXBuildFile; productRef = 477C739F2F53993900E60504 /* FirebaseAnalytics */; };
		477C73A22F53993900E60504 /* FirebaseAnalyticsCore in Frameworks */ = {isa = PBXBuildFile; productRef = 477C73A12F53993900E60504 /* FirebaseAnalyticsCore */; };
		477C73A42F53993900E60504 /* FirebaseAnalyticsIdentitySupport in Frameworks */ = {isa = PBXBuildFile; productRef = 477C73A32F53993900E60504 /* FirebaseAnalyticsIdentitySupport */; };
		477C73A62F53993900E60504 /* FirebaseAppCheck in Frameworks */ = {isa = PBXBuildFile; productRef = 477C73A52F53993900E60504 /* FirebaseAppCheck */; };
		477C73A82F53993900E60504 /* FirebaseAppDistribution-Beta in Frameworks */ = {isa = PBXBuildFile; productRef = 477C73A72F53993900E60504 /* FirebaseAppDistribution-Beta */; };
		477C73AA2F53993900E60504 /* FirebaseAuth in Frameworks */ = {isa = PBXBuildFile; productRef = 477C73A92F53993900E60504 /* FirebaseAuth */; };
		477C73AC2F53993900E60504 /* FirebaseAuthCombine-Community in Frameworks */ = {isa = PBXBuildFile; productRef = 477C73AB2F53993900E60504 /* FirebaseAuthCombine-Community */; };
		477C73AE2F53993900E60504 /* FirebaseCore in Frameworks */ = {isa = PBXBuildFile; productRef = 477C73AD2F53993900E60504 /* FirebaseCore */; };
		477C73B02F53993900E60504 /* FirebaseCrashlytics in Frameworks */ = {isa = PBXBuildFile; productRef = 477C73AF2F53993900E60504 /* FirebaseCrashlytics */; };
		477C73B22F53993900E60504 /* FirebaseDatabase in Frameworks */ = {isa = PBXBuildFile; productRef = 477C73B12F53993900E60504 /* FirebaseDatabase */; };
		477C73B42F53993900E60504 /* FirebaseFirestore in Frameworks */ = {isa = PBXBuildFile; productRef = 477C73B32F53993900E60504 /* FirebaseFirestore */; };
		477C73B62F53993900E60504 /* FirebaseFirestoreCombine-Community in Frameworks */ = {isa = PBXBuildFile; productRef = 477C73B52F53993900E60504 /* FirebaseFirestoreCombine-Community */; };
		477C73B82F53993900E60504 /* FirebaseFunctions in Frameworks */ = {isa = PBXBuildFile; productRef = 477C73B72F53993900E60504 /* FirebaseFunctions */; };
		477C73BA2F53993900E60504 /* FirebaseFunctionsCombine-Community in Frameworks */ = {isa = PBXBuildFile; productRef = 477C73B92F53993900E60504 /* FirebaseFunctionsCombine-Community */; };
		477C73BC2F53993900E60504 /* FirebaseInAppMessaging-Beta in Frameworks */ = {isa = PBXBuildFile; productRef = 477C73BB2F53993900E60504 /* FirebaseInAppMessaging-Beta */; };
		477C73BE2F53993900E60504 /* FirebaseInstallations in Frameworks */ = {isa = PBXBuildFile; productRef = 477C73BD2F53993900E60504 /* FirebaseInstallations */; };
		477C73C02F53993900E60504 /* FirebaseMLModelDownloader in Frameworks */ = {isa = PBXBuildFile; productRef = 477C73BF2F53993900E60504 /* FirebaseMLModelDownloader */; };
		477C73C22F53993900E60504 /* FirebaseMessaging in Frameworks */ = {isa = PBXBuildFile; productRef = 477C73C12F53993900E60504 /* FirebaseMessaging */; };
		477C73C42F53993900E60504 /* FirebasePerformance in Frameworks */ = {isa = PBXBuildFile; productRef = 477C73C32F53993900E60504 /* FirebasePerformance */; };
		477C73C62F53993900E60504 /* FirebaseRemoteConfig in Frameworks */ = {isa = PBXBuildFile; productRef = 477C73C52F53993900E60504 /* FirebaseRemoteConfig */; };
		477C73C82F53993900E60504 /* FirebaseStorage in Frameworks */ = {isa = PBXBuildFile; productRef = 477C73C72F53993900E60504 /* FirebaseStorage */; };
		477C73CA2F53993900E60504 /* FirebaseStorageCombine-Community in Frameworks */ = {isa = PBXBuildFile; productRef = 477C73C92F53993900E60504 /* FirebaseStorageCombine-Community */; };
/* End PBXBuildFile section */

/* Begin PBXFileReference section */
		477C738A2F53977600E60504 /* DIGIFENCEV1.app */ = {isa = PBXFileReference; explicitFileType = wrapper.application; includeInIndex = 0; path = DIGIFENCEV1.app; sourceTree = BUILT_PRODUCTS_DIR; };
/* End PBXFileReference section */

/* Begin PBXFileSystemSynchronizedBuildFileExceptionSet section */
		477C743E2F53A79500E60504 /* Exceptions for "DIGIFENCEV1" folder in "DIGIFENCEV1" target */ = {
			isa = PBXFileSystemSynchronizedBuildFileExceptionSet;
			membershipExceptions = (
				Info.plist,
			);
			target = 477C73892F53977600E60504 /* DIGIFENCEV1 */;
		};
/* End PBXFileSystemSynchronizedBuildFileExceptionSet section */

/* Begin PBXFileSystemSynchronizedRootGroup section */
		477C738C2F53977600E60504 /* DIGIFENCEV1 */ = {
			isa = PBXFileSystemSynchronizedRootGroup;
			exceptions = (
				477C743E2F53A79500E60504 /* Exceptions for "DIGIFENCEV1" folder in "DIGIFENCEV1" target */,
			);
			path = DIGIFENCEV1;
			sourceTree = "<group>";
		};
/* End PBXFileSystemSynchronizedRootGroup section */

/* Begin PBXFrameworksBuildPhase section */
		477C73872F53977600E60504 /* Frameworks */ = {
			isa = PBXFrameworksBuildPhase;
			buildActionMask = 2147483647;
			files = (
				477C73A82F53993900E60504 /* FirebaseAppDistribution-Beta in Frameworks */,
				477C73B42F53993900E60504 /* FirebaseFirestore in Frameworks */,
				477C73AC2F53993900E60504 /* FirebaseAuthCombine-Community in Frameworks */,
				477C73BE2F53993900E60504 /* FirebaseInstallations in Frameworks */,
				477C739E2F53993900E60504 /* FirebaseAILogic in Frameworks */,
				477C73A42F53993900E60504 /* FirebaseAnalyticsIdentitySupport in Frameworks */,
				477C73BC2F53993900E60504 /* FirebaseInAppMessaging-Beta in Frameworks */,
				477C739C2F53993900E60504 /* FirebaseAI in Frameworks */,
				477C73B02F53993900E60504 /* FirebaseCrashlytics in Frameworks */,
				477C73BA2F53993900E60504 /* FirebaseFunctionsCombine-Community in Frameworks */,
				477C73CA2F53993900E60504 /* FirebaseStorageCombine-Community in Frameworks */,
				477C73B22F53993900E60504 /* FirebaseDatabase in Frameworks */,
				477C73C82F53993900E60504 /* FirebaseStorage in Frameworks */,
				477C73C62F53993900E60504 /* FirebaseRemoteConfig in Frameworks */,
				477C73A02F53993900E60504 /* FirebaseAnalytics in Frameworks */,
				477C73C22F53993900E60504 /* FirebaseMessaging in Frameworks */,
				477C73C02F53993900E60504 /* FirebaseMLModelDownloader in Frameworks */,
				477C73C42F53993900E60504 /* FirebasePerformance in Frameworks */,
				477C73AE2F53993900E60504 /* FirebaseCore in Frameworks */,
				477C73A62F53993900E60504 /* FirebaseAppCheck in Frameworks */,
				477C73A22F53993900E60504 /* FirebaseAnalyticsCore in Frameworks */,
				477C73B82F53993900E60504 /* FirebaseFunctions in Frameworks */,
				477C73AA2F53993900E60504 /* FirebaseAuth in Frameworks */,
				477C73B62F53993900E60504 /* FirebaseFirestoreCombine-Community in Frameworks */,
			);
			runOnlyForDeploymentPostprocessing = 0;
		};
/* End PBXFrameworksBuildPhase section */

/* Begin PBXGroup section */
		477C73812F53977600E60504 = {
			isa = PBXGroup;
			children = (
				477C738C2F53977600E60504 /* DIGIFENCEV1 */,
				477C738B2F53977600E60504 /* Products */,
			);
			sourceTree = "<group>";
		};
		477C738B2F53977600E60504 /* Products */ = {
			isa = PBXGroup;
			children = (
				477C738A2F53977600E60504 /* DIGIFENCEV1.app */,
			);
			name = Products;
			sourceTree = "<group>";
		};
/* End PBXGroup section */

/* Begin PBXNativeTarget section */
		477C73892F53977600E60504 /* DIGIFENCEV1 */ = {
			isa = PBXNativeTarget;
			buildConfigurationList = 477C73952F53977800E60504 /* Build configuration list for PBXNativeTarget "DIGIFENCEV1" */;
			buildPhases = (
				477C73862F53977600E60504 /* Sources */,
				477C73872F53977600E60504 /* Frameworks */,
				477C73882F53977600E60504 /* Resources */,
			);
			buildRules = (
			);
			dependencies = (
			);
			fileSystemSynchronizedGroups = (
				477C738C2F53977600E60504 /* DIGIFENCEV1 */,
			);
			name = DIGIFENCEV1;
			packageProductDependencies = (
				477C739B2F53993900E60504 /* FirebaseAI */,
				477C739D2F53993900E60504 /* FirebaseAILogic */,
				477C739F2F53993900E60504 /* FirebaseAnalytics */,
				477C73A12F53993900E60504 /* FirebaseAnalyticsCore */,
				477C73A32F53993900E60504 /* FirebaseAnalyticsIdentitySupport */,
				477C73A52F53993900E60504 /* FirebaseAppCheck */,
				477C73A72F53993900E60504 /* FirebaseAppDistribution-Beta */,
				477C73A92F53993900E60504 /* FirebaseAuth */,
				477C73AB2F53993900E60504 /* FirebaseAuthCombine-Community */,
				477C73AD2F53993900E60504 /* FirebaseCore */,
				477C73AF2F53993900E60504 /* FirebaseCrashlytics */,
				477C73B12F53993900E60504 /* FirebaseDatabase */,
				477C73B32F53993900E60504 /* FirebaseFirestore */,
				477C73B52F53993900E60504 /* FirebaseFirestoreCombine-Community */,
				477C73B72F53993900E60504 /* FirebaseFunctions */,
				477C73B92F53993900E60504 /* FirebaseFunctionsCombine-Community */,
				477C73BB2F53993900E60504 /* FirebaseInAppMessaging-Beta */,
				477C73BD2F53993900E60504 /* FirebaseInstallations */,
				477C73BF2F53993900E60504 /* FirebaseMLModelDownloader */,
				477C73C12F53993900E60504 /* FirebaseMessaging */,
				477C73C32F53993900E60504 /* FirebasePerformance */,
				477C73C52F53993900E60504 /* FirebaseRemoteConfig */,
				477C73C72F53993900E60504 /* FirebaseStorage */,
				477C73C92F53993900E60504 /* FirebaseStorageCombine-Community */,
			);
			productName = DIGIFENCEV1;
			productReference = 477C738A2F53977600E60504 /* DIGIFENCEV1.app */;
			productType = "com.apple.product-type.application";
		};
/* End PBXNativeTarget section */

/* Begin PBXProject section */
		477C73822F53977600E60504 /* Project object */ = {
			isa = PBXProject;
			attributes = {
				BuildIndependentTargetsInParallel = 1;
				LastSwiftUpdateCheck = 2620;
				LastUpgradeCheck = 2620;
				TargetAttributes = {
					477C73892F53977600E60504 = {
						CreatedOnToolsVersion = 26.2;
					};
				};
			};
			buildConfigurationList = 477C73852F53977600E60504 /* Build configuration list for PBXProject "DIGIFENCEV1" */;
			developmentRegion = en;
			hasScannedForEncodings = 0;
			knownRegions = (
				en,
				Base,
			);
			mainGroup = 477C73812F53977600E60504;
			minimizedProjectReferenceProxies = 1;
			packageReferences = (
				477C739A2F53993900E60504 /* XCRemoteSwiftPackageReference "firebase-ios-sdk" */,
			);
			preferredProjectObjectVersion = 77;
			productRefGroup = 477C738B2F53977600E60504 /* Products */;
			projectDirPath = "";
			projectRoot = "";
			targets = (
				477C73892F53977600E60504 /* DIGIFENCEV1 */,
			);
		};
/* End PBXProject section */

/* Begin PBXResourcesBuildPhase section */
		477C73882F53977600E60504 /* Resources */ = {
			isa = PBXResourcesBuildPhase;
			buildActionMask = 2147483647;
			files = (
			);
			runOnlyForDeploymentPostprocessing = 0;
		};
/* End PBXResourcesBuildPhase section */

/* Begin PBXSourcesBuildPhase section */
		477C73862F53977600E60504 /* Sources */ = {
			isa = PBXSourcesBuildPhase;
			buildActionMask = 2147483647;
			files = (
			);
			runOnlyForDeploymentPostprocessing = 0;
		};
/* End PBXSourcesBuildPhase section */

/* Begin XCBuildConfiguration section */
		477C73932F53977800E60504 /* Debug */ = {
			isa = XCBuildConfiguration;
			buildSettings = {
				ALWAYS_SEARCH_USER_PATHS = NO;
				ASSETCATALOG_COMPILER_GENERATE_SWIFT_ASSET_SYMBOL_EXTENSIONS = YES;
				CLANG_ANALYZER_NONNULL = YES;
				CLANG_ANALYZER_NUMBER_OBJECT_CONVERSION = YES_AGGRESSIVE;
				CLANG_CXX_LANGUAGE_STANDARD = "gnu++20";
				CLANG_ENABLE_MODULES = YES;
				CLANG_ENABLE_OBJC_ARC = YES;
				CLANG_ENABLE_OBJC_WEAK = YES;
				CLANG_WARN_BLOCK_CAPTURE_AUTORELEASING = YES;
				CLANG_WARN_BOOL_CONVERSION = YES;
				CLANG_WARN_COMMA = YES;
				CLANG_WARN_CONSTANT_CONVERSION = YES;
				CLANG_WARN_DEPRECATED_OBJC_IMPLEMENTATIONS = YES;
				CLANG_WARN_DIRECT_OBJC_ISA_USAGE = YES_ERROR;
				CLANG_WARN_DOCUMENTATION_COMMENTS = YES;
				CLANG_WARN_EMPTY_BODY = YES;
				CLANG_WARN_ENUM_CONVERSION = YES;
				CLANG_WARN_INFINITE_RECURSION = YES;
				CLANG_WARN_INT_CONVERSION = YES;
				CLANG_WARN_NON_LITERAL_NULL_CONVERSION = YES;
				CLANG_WARN_OBJC_IMPLICIT_RETAIN_SELF = YES;
				CLANG_WARN_OBJC_LITERAL_CONVERSION = YES;
				CLANG_WARN_OBJC_ROOT_CLASS = YES_ERROR;
				CLANG_WARN_QUOTED_INCLUDE_IN_FRAMEWORK_HEADER = YES;
				CLANG_WARN_RANGE_LOOP_ANALYSIS = YES;
				CLANG_WARN_STRICT_PROTOTYPES = YES;
				CLANG_WARN_SUSPICIOUS_MOVE = YES;
				CLANG_WARN_UNGUARDED_AVAILABILITY = YES_AGGRESSIVE;
				CLANG_WARN_UNREACHABLE_CODE = YES;
				CLANG_WARN__DUPLICATE_METHOD_MATCH = YES;
				COPY_PHASE_STRIP = NO;
				DEBUG_INFORMATION_FORMAT = dwarf;
				ENABLE_STRICT_OBJC_MSGSEND = YES;
				ENABLE_TESTABILITY = YES;
				ENABLE_USER_SCRIPT_SANDBOXING = YES;
				GCC_C_LANGUAGE_STANDARD = gnu17;
				GCC_DYNAMIC_NO_PIC = NO;
				GCC_NO_COMMON_BLOCKS = YES;
				GCC_OPTIMIZATION_LEVEL = 0;
				GCC_PREPROCESSOR_DEFINITIONS = (
					"DEBUG=1",
					"$(inherited)",
				);
				GCC_WARN_64_TO_32_BIT_CONVERSION = YES;
				GCC_WARN_ABOUT_RETURN_TYPE = YES_ERROR;
				GCC_WARN_UNDECLARED_SELECTOR = YES;
				GCC_WARN_UNINITIALIZED_AUTOS = YES_AGGRESSIVE;
				GCC_WARN_UNUSED_FUNCTION = YES;
				GCC_WARN_UNUSED_VARIABLE = YES;
				IPHONEOS_DEPLOYMENT_TARGET = 26.2;
				LOCALIZATION_PREFERS_STRING_CATALOGS = YES;
				MTL_ENABLE_DEBUG_INFO = INCLUDE_SOURCE;
				MTL_FAST_MATH = YES;
				ONLY_ACTIVE_ARCH = YES;
				SDKROOT = iphoneos;
				SWIFT_ACTIVE_COMPILATION_CONDITIONS = "DEBUG $(inherited)";
				SWIFT_OPTIMIZATION_LEVEL = "-Onone";
			};
			name = Debug;
		};
		477C73942F53977800E60504 /* Release */ = {
			isa = XCBuildConfiguration;
			buildSettings = {
				ALWAYS_SEARCH_USER_PATHS = NO;
				ASSETCATALOG_COMPILER_GENERATE_SWIFT_ASSET_SYMBOL_EXTENSIONS = YES;
				CLANG_ANALYZER_NONNULL = YES;
				CLANG_ANALYZER_NUMBER_OBJECT_CONVERSION = YES_AGGRESSIVE;
				CLANG_CXX_LANGUAGE_STANDARD = "gnu++20";
				CLANG_ENABLE_MODULES = YES;
				CLANG_ENABLE_OBJC_ARC = YES;
				CLANG_ENABLE_OBJC_WEAK = YES;
				CLANG_WARN_BLOCK_CAPTURE_AUTORELEASING = YES;
				CLANG_WARN_BOOL_CONVERSION = YES;
				CLANG_WARN_COMMA = YES;
				CLANG_WARN_CONSTANT_CONVERSION = YES;
				CLANG_WARN_DEPRECATED_OBJC_IMPLEMENTATIONS = YES;
				CLANG_WARN_DIRECT_OBJC_ISA_USAGE = YES_ERROR;
				CLANG_WARN_DOCUMENTATION_COMMENTS = YES;
				CLANG_WARN_EMPTY_BODY = YES;
				CLANG_WARN_ENUM_CONVERSION = YES;
				CLANG_WARN_INFINITE_RECURSION = YES;
				CLANG_WARN_INT_CONVERSION = YES;
				CLANG_WARN_NON_LITERAL_NULL_CONVERSION = YES;
				CLANG_WARN_OBJC_IMPLICIT_RETAIN_SELF = YES;
				CLANG_WARN_OBJC_LITERAL_CONVERSION = YES;
				CLANG_WARN_OBJC_ROOT_CLASS = YES_ERROR;
				CLANG_WARN_QUOTED_INCLUDE_IN_FRAMEWORK_HEADER = YES;
				CLANG_WARN_RANGE_LOOP_ANALYSIS = YES;
				CLANG_WARN_STRICT_PROTOTYPES = YES;
				CLANG_WARN_SUSPICIOUS_MOVE = YES;
				CLANG_WARN_UNGUARDED_AVAILABILITY = YES_AGGRESSIVE;
				CLANG_WARN_UNREACHABLE_CODE = YES;
				CLANG_WARN__DUPLICATE_METHOD_MATCH = YES;
				COPY_PHASE_STRIP = NO;
				DEBUG_INFORMATION_FORMAT = "dwarf-with-dsym";
				ENABLE_NS_ASSERTIONS = NO;
				ENABLE_STRICT_OBJC_MSGSEND = YES;
				ENABLE_USER_SCRIPT_SANDBOXING = YES;
				GCC_C_LANGUAGE_STANDARD = gnu17;
				GCC_NO_COMMON_BLOCKS = YES;
				GCC_WARN_64_TO_32_BIT_CONVERSION = YES;
				GCC_WARN_ABOUT_RETURN_TYPE = YES_ERROR;
				GCC_WARN_UNDECLARED_SELECTOR = YES;
				GCC_WARN_UNINITIALIZED_AUTOS = YES_AGGRESSIVE;
				GCC_WARN_UNUSED_FUNCTION = YES;
				GCC_WARN_UNUSED_VARIABLE = YES;
				IPHONEOS_DEPLOYMENT_TARGET = 26.2;
				LOCALIZATION_PREFERS_STRING_CATALOGS = YES;
				MTL_ENABLE_DEBUG_INFO = NO;
				MTL_FAST_MATH = YES;
				SDKROOT = iphoneos;
				SWIFT_COMPILATION_MODE = wholemodule;
				VALIDATE_PRODUCT = YES;
			};
			name = Release;
		};
		477C73962F53977800E60504 /* Debug */ = {
			isa = XCBuildConfiguration;
			buildSettings = {
				ASSETCATALOG_COMPILER_APPICON_NAME = AppIcon;
				ASSETCATALOG_COMPILER_GLOBAL_ACCENT_COLOR_NAME = AccentColor;
				CODE_SIGN_STYLE = Automatic;
				CURRENT_PROJECT_VERSION = 1;
				DEVELOPMENT_TEAM = 6UWQ5TGVMV;
				ENABLE_PREVIEWS = YES;
				GENERATE_INFOPLIST_FILE = YES;
				INFOPLIST_FILE = DIGIFENCEV1/Info.plist;
				INFOPLIST_KEY_NSFaceIDUsageDescription = "DigiFence uses Face ID to securely verify your identity and activate your event pass with Secure Enclave signing.";
				INFOPLIST_KEY_NSLocationAlwaysAndWhenInUseUsageDescription = "DigiFence needs continuous location access to monitor event geofences in the background and keep your pass active while at the venue.";
				INFOPLIST_KEY_NSLocationWhenInUseUsageDescription = "DigiFence needs your location to verify you are within the event geofence for ticket activation.";
				INFOPLIST_KEY_UIApplicationSceneManifest_Generation = YES;
				INFOPLIST_KEY_UIApplicationSupportsIndirectInputEvents = YES;
				INFOPLIST_KEY_UIBackgroundModes = "location remote-notification";
				INFOPLIST_KEY_UILaunchScreen_Generation = YES;
				INFOPLIST_KEY_UISupportedInterfaceOrientations_iPad = "UIInterfaceOrientationPortrait UIInterfaceOrientationPortraitUpsideDown UIInterfaceOrientationLandscapeLeft UIInterfaceOrientationLandscapeRight";
				INFOPLIST_KEY_UISupportedInterfaceOrientations_iPhone = "UIInterfaceOrientationPortrait UIInterfaceOrientationLandscapeLeft UIInterfaceOrientationLandscapeRight";
				LD_RUNPATH_SEARCH_PATHS = (
					"$(inherited)",
					"@executable_path/Frameworks",
				);
				MARKETING_VERSION = 1.0;
				PRODUCT_BUNDLE_IDENTIFIER = Utkarsh.DIGIFENCEV1;
				PRODUCT_NAME = "$(TARGET_NAME)";
				STRING_CATALOG_GENERATE_SYMBOLS = YES;
				SWIFT_APPROACHABLE_CONCURRENCY = YES;
				SWIFT_DEFAULT_ACTOR_ISOLATION = MainActor;
				SWIFT_EMIT_LOC_STRINGS = YES;
				SWIFT_UPCOMING_FEATURE_MEMBER_IMPORT_VISIBILITY = YES;
				SWIFT_VERSION = 5.0;
				TARGETED_DEVICE_FAMILY = "1,2";
			};
			name = Debug;
		};
		477C73972F53977800E60504 /* Release */ = {
			isa = XCBuildConfiguration;
			buildSettings = {
				ASSETCATALOG_COMPILER_APPICON_NAME = AppIcon;
				ASSETCATALOG_COMPILER_GLOBAL_ACCENT_COLOR_NAME = AccentColor;
				CODE_SIGN_STYLE = Automatic;
				CURRENT_PROJECT_VERSION = 1;
				DEVELOPMENT_TEAM = 6UWQ5TGVMV;
				ENABLE_PREVIEWS = YES;
				GENERATE_INFOPLIST_FILE = YES;
				INFOPLIST_FILE = DIGIFENCEV1/Info.plist;
				INFOPLIST_KEY_NSFaceIDUsageDescription = "DigiFence uses Face ID to securely verify your identity and activate your event pass with Secure Enclave signing.";
				INFOPLIST_KEY_NSLocationAlwaysAndWhenInUseUsageDescription = "DigiFence needs continuous location access to monitor event geofences in the background and keep your pass active while at the venue.";
				INFOPLIST_KEY_NSLocationWhenInUseUsageDescription = "DigiFence needs your location to verify you are within the event geofence for ticket activation.";
				INFOPLIST_KEY_UIApplicationSceneManifest_Generation = YES;
				INFOPLIST_KEY_UIApplicationSupportsIndirectInputEvents = YES;
				INFOPLIST_KEY_UIBackgroundModes = "location remote-notification";
				INFOPLIST_KEY_UILaunchScreen_Generation = YES;
				INFOPLIST_KEY_UISupportedInterfaceOrientations_iPad = "UIInterfaceOrientationPortrait UIInterfaceOrientationPortraitUpsideDown UIInterfaceOrientationLandscapeLeft UIInterfaceOrientationLandscapeRight";
				INFOPLIST_KEY_UISupportedInterfaceOrientations_iPhone = "UIInterfaceOrientationPortrait UIInterfaceOrientationLandscapeLeft UIInterfaceOrientationLandscapeRight";
				LD_RUNPATH_SEARCH_PATHS = (
					"$(inherited)",
					"@executable_path/Frameworks",
				);
				MARKETING_VERSION = 1.0;
				PRODUCT_BUNDLE_IDENTIFIER = Utkarsh.DIGIFENCEV1;
				PRODUCT_NAME = "$(TARGET_NAME)";
				STRING_CATALOG_GENERATE_SYMBOLS = YES;
				SWIFT_APPROACHABLE_CONCURRENCY = YES;
				SWIFT_DEFAULT_ACTOR_ISOLATION = MainActor;
				SWIFT_EMIT_LOC_STRINGS = YES;
				SWIFT_UPCOMING_FEATURE_MEMBER_IMPORT_VISIBILITY = YES;
				SWIFT_VERSION = 5.0;
				TARGETED_DEVICE_FAMILY = "1,2";
			};
			name = Release;
		};
/* End XCBuildConfiguration section */

/* Begin XCConfigurationList section */
		477C73852F53977600E60504 /* Build configuration list for PBXProject "DIGIFENCEV1" */ = {
			isa = XCConfigurationList;
			buildConfigurations = (
				477C73932F53977800E60504 /* Debug */,
				477C73942F53977800E60504 /* Release */,
			);
			defaultConfigurationIsVisible = 0;
			defaultConfigurationName = Release;
		};
		477C73952F53977800E60504 /* Build configuration list for PBXNativeTarget "DIGIFENCEV1" */ = {
			isa = XCConfigurationList;
			buildConfigurations = (
				477C73962F53977800E60504 /* Debug */,
				477C73972F53977800E60504 /* Release */,
			);
			defaultConfigurationIsVisible = 0;
			defaultConfigurationName = Release;
		};
/* End XCConfigurationList section */

/* Begin XCRemoteSwiftPackageReference section */
		477C739A2F53993900E60504 /* XCRemoteSwiftPackageReference "firebase-ios-sdk" */ = {
			isa = XCRemoteSwiftPackageReference;
			repositoryURL = "https://github.com/firebase/firebase-ios-sdk";
			requirement = {
				kind = upToNextMajorVersion;
				minimumVersion = 12.10.0;
			};
		};
/* End XCRemoteSwiftPackageReference section */

/* Begin XCSwiftPackageProductDependency section */
		477C739B2F53993900E60504 /* FirebaseAI */ = {
			isa = XCSwiftPackageProductDependency;
			package = 477C739A2F53993900E60504 /* XCRemoteSwiftPackageReference "firebase-ios-sdk" */;
			productName = FirebaseAI;
		};
		477C739D2F53993900E60504 /* FirebaseAILogic */ = {
			isa = XCSwiftPackageProductDependency;
			package = 477C739A2F53993900E60504 /* XCRemoteSwiftPackageReference "firebase-ios-sdk" */;
			productName = FirebaseAILogic;
		};
		477C739F2F53993900E60504 /* FirebaseAnalytics */ = {
			isa = XCSwiftPackageProductDependency;
			package = 477C739A2F53993900E60504 /* XCRemoteSwiftPackageReference "firebase-ios-sdk" */;
			productName = FirebaseAnalytics;
		};
		477C73A12F53993900E60504 /* FirebaseAnalyticsCore */ = {
			isa = XCSwiftPackageProductDependency;
			package = 477C739A2F53993900E60504 /* XCRemoteSwiftPackageReference "firebase-ios-sdk" */;
			productName = FirebaseAnalyticsCore;
		};
		477C73A32F53993900E60504 /* FirebaseAnalyticsIdentitySupport */ = {
			isa = XCSwiftPackageProductDependency;
			package = 477C739A2F53993900E60504 /* XCRemoteSwiftPackageReference "firebase-ios-sdk" */;
			productName = FirebaseAnalyticsIdentitySupport;
		};
		477C73A52F53993900E60504 /* FirebaseAppCheck */ = {
			isa = XCSwiftPackageProductDependency;
			package = 477C739A2F53993900E60504 /* XCRemoteSwiftPackageReference "firebase-ios-sdk" */;
			productName = FirebaseAppCheck;
		};
		477C73A72F53993900E60504 /* FirebaseAppDistribution-Beta */ = {
			isa = XCSwiftPackageProductDependency;
			package = 477C739A2F53993900E60504 /* XCRemoteSwiftPackageReference "firebase-ios-sdk" */;
			productName = "FirebaseAppDistribution-Beta";
		};
		477C73A92F53993900E60504 /* FirebaseAuth */ = {
			isa = XCSwiftPackageProductDependency;
			package = 477C739A2F53993900E60504 /* XCRemoteSwiftPackageReference "firebase-ios-sdk" */;
			productName = FirebaseAuth;
		};
		477C73AB2F53993900E60504 /* FirebaseAuthCombine-Community */ = {
			isa = XCSwiftPackageProductDependency;
			package = 477C739A2F53993900E60504 /* XCRemoteSwiftPackageReference "firebase-ios-sdk" */;
			productName = "FirebaseAuthCombine-Community";
		};
		477C73AD2F53993900E60504 /* FirebaseCore */ = {
			isa = XCSwiftPackageProductDependency;
			package = 477C739A2F53993900E60504 /* XCRemoteSwiftPackageReference "firebase-ios-sdk" */;
			productName = FirebaseCore;
		};
		477C73AF2F53993900E60504 /* FirebaseCrashlytics */ = {
			isa = XCSwiftPackageProductDependency;
			package = 477C739A2F53993900E60504 /* XCRemoteSwiftPackageReference "firebase-ios-sdk" */;
			productName = FirebaseCrashlytics;
		};
		477C73B12F53993900E60504 /* FirebaseDatabase */ = {
			isa = XCSwiftPackageProductDependency;
			package = 477C739A2F53993900E60504 /* XCRemoteSwiftPackageReference "firebase-ios-sdk" */;
			productName = FirebaseDatabase;
		};
		477C73B32F53993900E60504 /* FirebaseFirestore */ = {
			isa = XCSwiftPackageProductDependency;
			package = 477C739A2F53993900E60504 /* XCRemoteSwiftPackageReference "firebase-ios-sdk" */;
			productName = FirebaseFirestore;
		};
		477C73B52F53993900E60504 /* FirebaseFirestoreCombine-Community */ = {
			isa = XCSwiftPackageProductDependency;
			package = 477C739A2F53993900E60504 /* XCRemoteSwiftPackageReference "firebase-ios-sdk" */;
			productName = "FirebaseFirestoreCombine-Community";
		};
		477C73B72F53993900E60504 /* FirebaseFunctions */ = {
			isa = XCSwiftPackageProductDependency;
			package = 477C739A2F53993900E60504 /* XCRemoteSwiftPackageReference "firebase-ios-sdk" */;
			productName = FirebaseFunctions;
		};
		477C73B92F53993900E60504 /* FirebaseFunctionsCombine-Community */ = {
			isa = XCSwiftPackageProductDependency;
			package = 477C739A2F53993900E60504 /* XCRemoteSwiftPackageReference "firebase-ios-sdk" */;
			productName = "FirebaseFunctionsCombine-Community";
		};
		477C73BB2F53993900E60504 /* FirebaseInAppMessaging-Beta */ = {
			isa = XCSwiftPackageProductDependency;
			package = 477C739A2F53993900E60504 /* XCRemoteSwiftPackageReference "firebase-ios-sdk" */;
			productName = "FirebaseInAppMessaging-Beta";
		};
		477C73BD2F53993900E60504 /* FirebaseInstallations */ = {
			isa = XCSwiftPackageProductDependency;
			package = 477C739A2F53993900E60504 /* XCRemoteSwiftPackageReference "firebase-ios-sdk" */;
			productName = FirebaseInstallations;
		};
		477C73BF2F53993900E60504 /* FirebaseMLModelDownloader */ = {
			isa = XCSwiftPackageProductDependency;
			package = 477C739A2F53993900E60504 /* XCRemoteSwiftPackageReference "firebase-ios-sdk" */;
			productName = FirebaseMLModelDownloader;
		};
		477C73C12F53993900E60504 /* FirebaseMessaging */ = {
			isa = XCSwiftPackageProductDependency;
			package = 477C739A2F53993900E60504 /* XCRemoteSwiftPackageReference "firebase-ios-sdk" */;
			productName = FirebaseMessaging;
		};
		477C73C32F53993900E60504 /* FirebasePerformance */ = {
			isa = XCSwiftPackageProductDependency;
			package = 477C739A2F53993900E60504 /* XCRemoteSwiftPackageReference "firebase-ios-sdk" */;
			productName = FirebasePerformance;
		};
		477C73C52F53993900E60504 /* FirebaseRemoteConfig */ = {
			isa = XCSwiftPackageProductDependency;
			package = 477C739A2F53993900E60504 /* XCRemoteSwiftPackageReference "firebase-ios-sdk" */;
			productName = FirebaseRemoteConfig;
		};
		477C73C72F53993900E60504 /* FirebaseStorage */ = {
			isa = XCSwiftPackageProductDependency;
			package = 477C739A2F53993900E60504 /* XCRemoteSwiftPackageReference "firebase-ios-sdk" */;
			productName = FirebaseStorage;
		};
		477C73C92F53993900E60504 /* FirebaseStorageCombine-Community */ = {
			isa = XCSwiftPackageProductDependency;
			package = 477C739A2F53993900E60504 /* XCRemoteSwiftPackageReference "firebase-ios-sdk" */;
			productName = "FirebaseStorageCombine-Community";
		};
/* End XCSwiftPackageProductDependency section */
	};
	rootObject = 477C73822F53977600E60504 /* Project object */;
}
